# THIS IS AN AUTOGENERATED FILE. DO NOT EDIT THIS FILE DIRECTLY.
# yarn lockfile v1


"@types/mkdirp@^0.5.2":
  version "0.5.2"
  resolved "https://registry.yarnpkg.com/@types/mkdirp/-/mkdirp-0.5.2.tgz#503aacfe5cc2703d5484326b1b27efa67a339c1f"
  dependencies:
    "@types/node" "*"

"@types/node@*", "@types/node@^10.1.2":
  version "10.1.2"
  resolved "https://registry.yarnpkg.com/@types/node/-/node-10.1.2.tgz#1b928a0baa408fc8ae3ac012cc81375addc147c6"

buffer-from@^1.0.0:
  version "1.0.0"
  resolved "https://registry.yarnpkg.com/buffer-from/-/buffer-from-1.0.0.tgz#4cb8832d23612589b0406e9e2956c17f06fdf531"

minimist@0.0.8:
  version "0.0.8"
  resolved "https://registry.yarnpkg.com/minimist/-/minimist-0.0.8.tgz#857fcabfc3397d2625b8228262e86aa7a011b05d"

mkdirp@^0.5.1:
  version "0.5.1"
  resolved "https://registry.yarnpkg.com/mkdirp/-/mkdirp-0.5.1.tgz#30057438eac6cf7f8c4767f38648d6697d75c903"
  dependencies:
    minimist "0.0.8"

prettier@^1.7.4:
  version "1.7.4"
  resolved "https://registry.npmjs.org/prettier/-/prettier-1.7.4.tgz#5e8624ae9363c80f95ec644584ecdf55d74f93fa"

source-map-support@^0.5.6:
  version "0.5.6"
  resolved "https://registry.yarnpkg.com/source-map-support/-/source-map-support-0.5.6.tgz#4435cee46b1aab62b8e8610ce60f788091c51c13"
  dependencies:
    buffer-from "^1.0.0"
    source-map "^0.6.0"

source-map@^0.6.0:
  version "0.6.1"
  resolved "https://registry.yarnpkg.com/source-map/-/source-map-0.6.1.tgz#74722af32e9614e9c287a8d0bbde48b5e2f1a263"

typescript@^2.8.3:
  version "2.8.3"
  resolved "https://registry.yarnpkg.com/typescript/-/typescript-2.8.3.tgz#5d817f9b6f31bb871835f4edf0089f21abe6c170"
