# THIS IS AN AUTOGENERATED FILE. DO NOT EDIT THIS FILE DIRECTLY.
# yarn lockfile v1


"@types/async-retry@^1.1.0":
  version "1.1.0"
  resolved "https://registry.yarnpkg.com/@types/async-retry/-/async-retry-1.1.0.tgz#b17a2e3d6621724addc44978b61bac3ce11c1ecf"

"@types/retry@^0.10.2":
  version "0.10.2"
  resolved "https://registry.yarnpkg.com/@types/retry/-/retry-0.10.2.tgz#bd1740c4ad51966609b058803ee6874577848b37"

async-retry@^1.1.4:
  version "1.1.4"
  resolved "https://registry.yarnpkg.com/async-retry/-/async-retry-1.1.4.tgz#e0edb546600f19bf90f892e9494faa9e19baf190"
  dependencies:
    retry "0.10.1"

lodash@^4.5.1:
  version "4.17.5"
  resolved "https://registry.yarnpkg.com/lodash/-/lodash-4.17.5.tgz#99a92d65c0272debe8c96b6057bc8fbfa3bed511"

retry-async@^1.1.0:
  version "1.1.0"
  resolved "https://registry.yarnpkg.com/retry-async/-/retry-async-1.1.0.tgz#ae8c4e9d22535c811a83c224fd9870ba1c5d2b6b"
  dependencies:
    lodash "^4.5.1"

retry@0.10.1, retry@^0.10.1:
  version "0.10.1"
  resolved "https://registry.yarnpkg.com/retry/-/retry-0.10.1.tgz#e76388d217992c252750241d3d3956fed98d8ff4"

typescript@^2.7.2:
  version "2.7.2"
  resolved "https://registry.yarnpkg.com/typescript/-/typescript-2.7.2.tgz#2d615a1ef4aee4f574425cdff7026edf81919836"
